{
  "pins" : [
    {
      "identity" : "alamofire",
      "kind" : "remoteSourceControl",
      "location" : "https://github.com/Alamofire/Alamofire",
      "state" : {
        "revision" : "78424be314842833c04bc3bef5b72e85fff99204",
        "version" : "5.6.4"
      }
    },
    {
      "identity" : "ios-core",
      "kind" : "remoteSourceControl",
      "location" : "https://github.com/Infomaniak/ios-core.git",
      "state" : {
        "revision" : "904e0656671cb1b51a45a9f28be857ed4b37daac",
        "version" : "3.0.0"
      }
    },
    {
      "identity" : "ios-dependency-injection",
      "kind" : "remoteSourceControl",
      "location" : "https://github.com/Infomaniak/ios-dependency-injection",
      "state" : {
        "revision" : "4322cb2c1b18e13b7cb8ddfc56f9565a7d20f684",
        "version" : "1.1.1"
      }
    },
    {
      "identity" : "kingfisher",
      "kind" : "remoteSourceControl",
      "location" : "https://github.com/onevcat/Kingfisher",
      "state" : {
        "revision" : "90135885ef506506620c4911cefb55a95ca2a9a2",
        "version" : "7.5.0"
      }
    },
    {
      "identity" : "localizekit",
      "kind" : "remoteSourceControl",
      "location" : "https://github.com/PhilippeWeidmann/LocalizeKit",
      "state" : {
        "revision" : "1abb86ce614ae8d925bf82123c7360ab95827975",
        "version" : "1.0.1"
      }
    },
    {
      "identity" : "realm-core",
      "kind" : "remoteSourceControl",
      "location" : "https://github.com/realm/realm-core.git",
      "state" : {
        "revision" : "b77443ca7fa25407869ca537bf3ae912b1427bff",
        "version" : "12.13.0"
      }
    },
    {
      "identity" : "realm-swift",
      "kind" : "remoteSourceControl",
      "location" : "https://github.com/realm/realm-swift",
      "state" : {
        "revision" : "b442ee3e9caa1abab26fd9b23f060f6f0815ff48",
        "version" : "10.33.0"
      }
    },
    {
      "identity" : "sentry-cocoa",
      "kind" : "remoteSourceControl",
      "location" : "https://github.com/getsentry/sentry-cocoa",
      "state" : {
        "revision" : "cf43eac1aa12017868c257ad3854ad87a5de0758",
        "version" : "7.31.5"
      }
    },
    {
      "identity" : "snackbar.swift",
      "kind" : "remoteSourceControl",
      "location" : "https://github.com/PhilippeWeidmann/SnackBar.swift",
      "state" : {
        "revision" : "9e2f25bad90a7fb4f5764814c47a8448ba5df58d",
        "version" : "0.1.5"
      }
    },
    {
      "identity" : "snapkit",
      "kind" : "remoteSourceControl",
      "location" : "https://github.com/SnapKit/SnapKit.git",
      "state" : {
        "revision" : "f222cbdf325885926566172f6f5f06af95473158",
        "version" : "5.6.0"
      }
    }
  ],
  "version" : 2
}
